
Microsoft Visual Studio Solution File, Format Version 12.00
# Visual Studio Version 17
VisualStudioVersion = 17.2.32630.192
MinimumVisualStudioVersion = 10.0.40219.1
Project("{9A19103F-16F7-4668-BE54-9A1E7A4F7556}") = "HotelListing.API", "HotelListing.API\HotelListing.API.csproj", "{51B9E8FB-6512-433C-861A-0FEF4C8703B1}"
EndProject
Project("{FAE04EC0-301F-11D3-BF4B-00C04F79EFBC}") = "HotelListing.API.Data", "HotelListing.Data\HotelListing.API.Data.csproj", "{9D973937-D8F7-40E3-9E4B-0BC1B9604565}"
EndProject
Project("{FAE04EC0-301F-11D3-BF4B-00C04F79EFBC}") = "HoteListing.API.Core", "HoteListing.API.Core\HoteListing.API.Core.csproj", "{2EC76FD0-65F7-451E-BD16-E30D60C5C56F}"
EndProject
Global
	GlobalSection(SolutionConfigurationPlatforms) = preSolution
		Debug|Any CPU = Debug|Any CPU
		Release|Any CPU = Release|Any CPU
	EndGlobalSection
	GlobalSection(ProjectConfigurationPlatforms) = postSolution
		{51B9E8FB-6512-433C-861A-0FEF4C8703B1}.Debug|Any CPU.ActiveCfg = Debug|Any CPU
		{51B9E8FB-6512-433C-861A-0FEF4C8703B1}.Debug|Any CPU.Build.0 = Debug|Any CPU
		{51B9E8FB-6512-433C-861A-0FEF4C8703B1}.Release|Any CPU.ActiveCfg = Release|Any CPU
		{51B9E8FB-6512-433C-861A-0FEF4C8703B1}.Release|Any CPU.Build.0 = Release|Any CPU
		{9D973937-D8F7-40E3-9E4B-0BC1B9604565}.Debug|Any CPU.ActiveCfg = Debug|Any CPU
		{9D973937-D8F7-40E3-9E4B-0BC1B9604565}.Debug|Any CPU.Build.0 = Debug|Any CPU
		{9D973937-D8F7-40E3-9E4B-0BC1B9604565}.Release|Any CPU.ActiveCfg = Release|Any CPU
		{9D973937-D8F7-40E3-9E4B-0BC1B9604565}.Release|Any CPU.Build.0 = Release|Any CPU
		{2EC76FD0-65F7-451E-BD16-E30D60C5C56F}.Debug|Any CPU.ActiveCfg = Debug|Any CPU
		{2EC76FD0-65F7-451E-BD16-E30D60C5C56F}.Debug|Any CPU.Build.0 = Debug|Any CPU
		{2EC76FD0-65F7-451E-BD16-E30D60C5C56F}.Release|Any CPU.ActiveCfg = Release|Any CPU
		{2EC76FD0-65F7-451E-BD16-E30D60C5C56F}.Release|Any CPU.Build.0 = Release|Any CPU
	EndGlobalSection
	GlobalSection(SolutionProperties) = preSolution
		HideSolutionNode = FALSE
	EndGlobalSection
	GlobalSection(ExtensibilityGlobals) = postSolution
		SolutionGuid = {30B62BBD-535C-4CA1-9046-DF983A782670}
	EndGlobalSection
EndGlobal
